
Microsoft Visual Studio Solution File, Format Version 12.00
# Visual Studio Version 17
VisualStudioVersion = 17.7.34024.191
MinimumVisualStudioVersion = 10.0.40219.1
Project("{FAE04EC0-301F-11D3-BF4B-00C04F79EFBC}") = "Kyrsach", "Kyrsach.csproj", "{1D0DD17C-253C-45AD-9C03-26EA5C79EA76}"
EndProject
Global
	GlobalSection(SolutionConfigurationPlatforms) = preSolution
		Debug|Any CPU = Debug|Any CPU
		Release|Any CPU = Release|Any CPU
	EndGlobalSection
	GlobalSection(ProjectConfigurationPlatforms) = postSolution
		{1D0DD17C-253C-45AD-9C03-26EA5C79EA76}.Debug|Any CPU.ActiveCfg = Debug|Any CPU
		{1D0DD17C-253C-45AD-9C03-26EA5C79EA76}.Debug|Any CPU.Build.0 = Debug|Any CPU
		{1D0DD17C-253C-45AD-9C03-26EA5C79EA76}.Release|Any CPU.ActiveCfg = Release|Any CPU
		{1D0DD17C-253C-45AD-9C03-26EA5C79EA76}.Release|Any CPU.Build.0 = Release|Any CPU
		{4D48085E-685A-492C-9510-254F8C79EEDA}.Debug|Any CPU.ActiveCfg = Debug|Any CPU
		{4D48085E-685A-492C-9510-254F8C79EEDA}.Debug|Any CPU.Build.0 = Debug|Any CPU
		{4D48085E-685A-492C-9510-254F8C79EEDA}.Release|Any CPU.ActiveCfg = Release|Any CPU
		{4D48085E-685A-492C-9510-254F8C79EEDA}.Release|Any CPU.Build.0 = Release|Any CPU
	EndGlobalSection
	GlobalSection(SolutionProperties) = preSolution
		HideSolutionNode = FALSE
	EndGlobalSection
	GlobalSection(ExtensibilityGlobals) = postSolution
		SolutionGuid = {11074B05-458C-469C-BC99-89FF5BCC6D95}
	EndGlobalSection
EndGlobal
